
Microsoft Visual Studio Solution File, Format Version 12.00
# Visual Studio Version 17
VisualStudioVersion = 17.14.36212.18 d17.14
MinimumVisualStudioVersion = 10.0.40219.1
Project("{888888A0-9F3D-457C-B088-3A5042F75D52}") = "AI Text Adventure", "AI Text Adventure.pyproj", "{15D6644E-4959-488B-B408-2118F6E58E64}"
EndProject
Global
	GlobalSection(SolutionConfigurationPlatforms) = preSolution
		Debug|Any CPU = Debug|Any CPU
		Release|Any CPU = Release|Any CPU
	EndGlobalSection
	GlobalSection(ProjectConfigurationPlatforms) = postSolution
		{15D6644E-4959-488B-B408-2118F6E58E64}.Debug|Any CPU.ActiveCfg = Debug|Any CPU
		{15D6644E-4959-488B-B408-2118F6E58E64}.Release|Any CPU.ActiveCfg = Release|Any CPU
	EndGlobalSection
	GlobalSection(SolutionProperties) = preSolution
		HideSolutionNode = FALSE
	EndGlobalSection
	GlobalSection(ExtensibilityGlobals) = postSolution
		SolutionGuid = {CF96D4EE-8C31-46E8-8FB5-57DA1F54F1C0}
	EndGlobalSection
EndGlobal
